
Microsoft Visual Studio Solution File, Format Version 12.00
# Visual Studio Version 17
VisualStudioVersion = 17.5.33627.172
MinimumVisualStudioVersion = 10.0.40219.1
Project("{9A19103F-16F7-4668-BE54-9A1E7A4F7556}") = "VLS.API", "VLS.API\VLS.API.csproj", "{228152EC-6C6A-422A-A878-B9EDEB652009}"
EndProject
Project("{9A19103F-16F7-4668-BE54-9A1E7A4F7556}") = "VLS.Domain", "VLS.Domain\VLS.Domain.csproj", "{DA776A20-38FA-4031-B1F5-92228DC018BC}"
EndProject
Project("{9A19103F-16F7-4668-BE54-9A1E7A4F7556}") = "VLS.Infrastructure", "VLS.Infrastructure\VLS.Infrastructure.csproj", "{84C3530A-D12D-4250-9624-B72DF8E6C6D3}"
EndProject
Project("{9A19103F-16F7-4668-BE54-9A1E7A4F7556}") = "VLS.Shared", "VLS.Shared\VLS.Shared.csproj", "{767E4F3F-5361-4F61-87DC-CE10F0D47D40}"
EndProject
Project("{9A19103F-16F7-4668-BE54-9A1E7A4F7556}") = "VLS.Web", "VLS.Web\VLS.Web.csproj", "{FC6BDDF2-2773-40C1-8C25-2FFA7ED2AA80}"
EndProject
Project("{9A19103F-16F7-4668-BE54-9A1E7A4F7556}") = "Radzen.Blazor", "..\radzen-blazor\Radzen.Blazor\Radzen.Blazor.csproj", "{0F1A697C-D2BD-4B8D-B0C0-22284AA3D229}"
EndProject
Global
	GlobalSection(SolutionConfigurationPlatforms) = preSolution
		Debug|Any CPU = Debug|Any CPU
		Release|Any CPU = Release|Any CPU
	EndGlobalSection
	GlobalSection(ProjectConfigurationPlatforms) = postSolution
		{228152EC-6C6A-422A-A878-B9EDEB652009}.Debug|Any CPU.ActiveCfg = Debug|Any CPU
		{228152EC-6C6A-422A-A878-B9EDEB652009}.Debug|Any CPU.Build.0 = Debug|Any CPU
		{228152EC-6C6A-422A-A878-B9EDEB652009}.Release|Any CPU.ActiveCfg = Release|Any CPU
		{228152EC-6C6A-422A-A878-B9EDEB652009}.Release|Any CPU.Build.0 = Release|Any CPU
		{DA776A20-38FA-4031-B1F5-92228DC018BC}.Debug|Any CPU.ActiveCfg = Debug|Any CPU
		{DA776A20-38FA-4031-B1F5-92228DC018BC}.Debug|Any CPU.Build.0 = Debug|Any CPU
		{DA776A20-38FA-4031-B1F5-92228DC018BC}.Release|Any CPU.ActiveCfg = Release|Any CPU
		{DA776A20-38FA-4031-B1F5-92228DC018BC}.Release|Any CPU.Build.0 = Release|Any CPU
		{84C3530A-D12D-4250-9624-B72DF8E6C6D3}.Debug|Any CPU.ActiveCfg = Debug|Any CPU
		{84C3530A-D12D-4250-9624-B72DF8E6C6D3}.Debug|Any CPU.Build.0 = Debug|Any CPU
		{84C3530A-D12D-4250-9624-B72DF8E6C6D3}.Release|Any CPU.ActiveCfg = Release|Any CPU
		{84C3530A-D12D-4250-9624-B72DF8E6C6D3}.Release|Any CPU.Build.0 = Release|Any CPU
		{767E4F3F-5361-4F61-87DC-CE10F0D47D40}.Debug|Any CPU.ActiveCfg = Debug|Any CPU
		{767E4F3F-5361-4F61-87DC-CE10F0D47D40}.Debug|Any CPU.Build.0 = Debug|Any CPU
		{767E4F3F-5361-4F61-87DC-CE10F0D47D40}.Release|Any CPU.ActiveCfg = Release|Any CPU
		{767E4F3F-5361-4F61-87DC-CE10F0D47D40}.Release|Any CPU.Build.0 = Release|Any CPU
		{FC6BDDF2-2773-40C1-8C25-2FFA7ED2AA80}.Debug|Any CPU.ActiveCfg = Debug|Any CPU
		{FC6BDDF2-2773-40C1-8C25-2FFA7ED2AA80}.Debug|Any CPU.Build.0 = Debug|Any CPU
		{FC6BDDF2-2773-40C1-8C25-2FFA7ED2AA80}.Release|Any CPU.ActiveCfg = Release|Any CPU
		{FC6BDDF2-2773-40C1-8C25-2FFA7ED2AA80}.Release|Any CPU.Build.0 = Release|Any CPU
		{0F1A697C-D2BD-4B8D-B0C0-22284AA3D229}.Debug|Any CPU.ActiveCfg = Debug|Any CPU
		{0F1A697C-D2BD-4B8D-B0C0-22284AA3D229}.Release|Any CPU.ActiveCfg = Release|Any CPU
		{0F1A697C-D2BD-4B8D-B0C0-22284AA3D229}.Release|Any CPU.Build.0 = Release|Any CPU
	EndGlobalSection
	GlobalSection(SolutionProperties) = preSolution
		HideSolutionNode = FALSE
	EndGlobalSection
	GlobalSection(ExtensibilityGlobals) = postSolution
		SolutionGuid = {EF8BDA2B-32D4-4F3F-AE14-5DAFCA6B127D}
	EndGlobalSection
EndGlobal
